
Microsoft Visual Studio Solution File, Format Version 12.00
# Visual Studio 15
VisualStudioVersion = 15.0.27703.2042
MinimumVisualStudioVersion = 10.0.40219.1
Project("{FAE04EC0-301F-11D3-BF4B-00C04F79EFBC}") = "GenericTypePractice", "GenericTypePractice\GenericTypePractice.csproj", "{7987C6B2-3A37-4D61-9E44-DC678DF52E21}"
EndProject
Global
	GlobalSection(SolutionConfigurationPlatforms) = preSolution
		Debug|Any CPU = Debug|Any CPU
		Release|Any CPU = Release|Any CPU
	EndGlobalSection
	GlobalSection(ProjectConfigurationPlatforms) = postSolution
		{7987C6B2-3A37-4D61-9E44-DC678DF52E21}.Debug|Any CPU.ActiveCfg = Debug|Any CPU
		{7987C6B2-3A37-4D61-9E44-DC678DF52E21}.Debug|Any CPU.Build.0 = Debug|Any CPU
		{7987C6B2-3A37-4D61-9E44-DC678DF52E21}.Release|Any CPU.ActiveCfg = Release|Any CPU
		{7987C6B2-3A37-4D61-9E44-DC678DF52E21}.Release|Any CPU.Build.0 = Release|Any CPU
	EndGlobalSection
	GlobalSection(SolutionProperties) = preSolution
		HideSolutionNode = FALSE
	EndGlobalSection
	GlobalSection(ExtensibilityGlobals) = postSolution
		SolutionGuid = {FEF903BE-F46D-4AAB-8A05-E15ADD955391}
	EndGlobalSection
EndGlobal
